
Microsoft Visual Studio Solution File, Format Version 12.00
# Visual Studio Version 17
VisualStudioVersion = 17.3.32901.215
MinimumVisualStudioVersion = 10.0.40219.1
Project("{FAE04EC0-301F-11D3-BF4B-00C04F79EFBC}") = "ortalama 1550", "ortalama 1550\ortalama 1550.csproj", "{2B3A34B2-7EA2-4993-9BD0-9DB4DB803573}"
EndProject
Global
	GlobalSection(SolutionConfigurationPlatforms) = preSolution
		Debug|Any CPU = Debug|Any CPU
		Release|Any CPU = Release|Any CPU
	EndGlobalSection
	GlobalSection(ProjectConfigurationPlatforms) = postSolution
		{2B3A34B2-7EA2-4993-9BD0-9DB4DB803573}.Debug|Any CPU.ActiveCfg = Debug|Any CPU
		{2B3A34B2-7EA2-4993-9BD0-9DB4DB803573}.Debug|Any CPU.Build.0 = Debug|Any CPU
		{2B3A34B2-7EA2-4993-9BD0-9DB4DB803573}.Release|Any CPU.ActiveCfg = Release|Any CPU
		{2B3A34B2-7EA2-4993-9BD0-9DB4DB803573}.Release|Any CPU.Build.0 = Release|Any CPU
	EndGlobalSection
	GlobalSection(SolutionProperties) = preSolution
		HideSolutionNode = FALSE
	EndGlobalSection
	GlobalSection(ExtensibilityGlobals) = postSolution
		SolutionGuid = {DF85A904-EF4D-41B2-B530-DC9017B7F0BB}
	EndGlobalSection
EndGlobal
